
Microsoft Visual Studio Solution File, Format Version 12.00
# Visual Studio Version 17
VisualStudioVersion = 17.8.34316.72
MinimumVisualStudioVersion = 10.0.40219.1
Project("{FAE04EC0-301F-11D3-BF4B-00C04F79EFBC}") = "ExecuteQuery", "ExecuteQuery\ExecuteQuery.csproj", "{FFD5E84A-82E8-4E45-8800-4774EC8EE851}"
EndProject
Global
	GlobalSection(SolutionConfigurationPlatforms) = preSolution
		Debug|Any CPU = Debug|Any CPU
		Release|Any CPU = Release|Any CPU
	EndGlobalSection
	GlobalSection(ProjectConfigurationPlatforms) = postSolution
		{FFD5E84A-82E8-4E45-8800-4774EC8EE851}.Debug|Any CPU.ActiveCfg = Debug|Any CPU
		{FFD5E84A-82E8-4E45-8800-4774EC8EE851}.Debug|Any CPU.Build.0 = Debug|Any CPU
		{FFD5E84A-82E8-4E45-8800-4774EC8EE851}.Release|Any CPU.ActiveCfg = Release|Any CPU
		{FFD5E84A-82E8-4E45-8800-4774EC8EE851}.Release|Any CPU.Build.0 = Release|Any CPU
	EndGlobalSection
	GlobalSection(SolutionProperties) = preSolution
		HideSolutionNode = FALSE
	EndGlobalSection
	GlobalSection(ExtensibilityGlobals) = postSolution
		SolutionGuid = {8389A510-D1B6-4D5A-85E2-2F2354593F14}
	EndGlobalSection
EndGlobal
